
Microsoft Visual Studio Solution File, Format Version 12.00
# Visual Studio 15
VisualStudioVersion = 15.0.28010.2003
MinimumVisualStudioVersion = 10.0.40219.1
Project("{FAE04EC0-301F-11D3-BF4B-00C04F79EFBC}") = "DemoJenkinsUpload", "DemoJenkinsUpload\DemoJenkinsUpload.csproj", "{491F4A6A-9E76-427B-B304-B9D292EBD0EF}"
EndProject
Global
	GlobalSection(SolutionConfigurationPlatforms) = preSolution
		Debug|Any CPU = Debug|Any CPU
		Release|Any CPU = Release|Any CPU
	EndGlobalSection
	GlobalSection(ProjectConfigurationPlatforms) = postSolution
		{491F4A6A-9E76-427B-B304-B9D292EBD0EF}.Debug|Any CPU.ActiveCfg = Debug|Any CPU
		{491F4A6A-9E76-427B-B304-B9D292EBD0EF}.Debug|Any CPU.Build.0 = Debug|Any CPU
		{491F4A6A-9E76-427B-B304-B9D292EBD0EF}.Release|Any CPU.ActiveCfg = Release|Any CPU
		{491F4A6A-9E76-427B-B304-B9D292EBD0EF}.Release|Any CPU.Build.0 = Release|Any CPU
	EndGlobalSection
	GlobalSection(SolutionProperties) = preSolution
		HideSolutionNode = FALSE
	EndGlobalSection
	GlobalSection(ExtensibilityGlobals) = postSolution
		SolutionGuid = {560546A5-193F-4D95-AA0F-48B5B3EE92B2}
	EndGlobalSection
EndGlobal
